
Microsoft Visual Studio Solution File, Format Version 12.00
# Visual Studio Version 17
VisualStudioVersion = 17.8.34322.80
MinimumVisualStudioVersion = 10.0.40219.1
Project("{FAE04EC0-301F-11D3-BF4B-00C04F79EFBC}") = "AgendaApi", "AgendaApi\AgendaApi.csproj", "{094C701F-DD26-4F72-9A6B-3DA0858C7511}"
EndProject
Global
	GlobalSection(SolutionConfigurationPlatforms) = preSolution
		Debug|Any CPU = Debug|Any CPU
		Release|Any CPU = Release|Any CPU
	EndGlobalSection
	GlobalSection(ProjectConfigurationPlatforms) = postSolution
		{094C701F-DD26-4F72-9A6B-3DA0858C7511}.Debug|Any CPU.ActiveCfg = Debug|Any CPU
		{094C701F-DD26-4F72-9A6B-3DA0858C7511}.Debug|Any CPU.Build.0 = Debug|Any CPU
		{094C701F-DD26-4F72-9A6B-3DA0858C7511}.Release|Any CPU.ActiveCfg = Release|Any CPU
		{094C701F-DD26-4F72-9A6B-3DA0858C7511}.Release|Any CPU.Build.0 = Release|Any CPU
	EndGlobalSection
	GlobalSection(SolutionProperties) = preSolution
		HideSolutionNode = FALSE
	EndGlobalSection
	GlobalSection(ExtensibilityGlobals) = postSolution
		SolutionGuid = {A50D1136-A843-4586-AC7F-0B2FD8136535}
	EndGlobalSection
EndGlobal
